
Microsoft Visual Studio Solution File, Format Version 12.00
# Visual Studio Version 17
VisualStudioVersion = 17.1.32414.318
MinimumVisualStudioVersion = 10.0.40219.1
Project("{FAE04EC0-301F-11D3-BF4B-00C04F79EFBC}") = "ConvertWebPToJPeg", "ConvertWebPToJPeg\ConvertWebPToJPeg.csproj", "{A3ED94A0-80AA-4BF0-B970-B3B517797EC0}"
EndProject
Global
	GlobalSection(SolutionConfigurationPlatforms) = preSolution
		Debug|Any CPU = Debug|Any CPU
		Release|Any CPU = Release|Any CPU
	EndGlobalSection
	GlobalSection(ProjectConfigurationPlatforms) = postSolution
		{A3ED94A0-80AA-4BF0-B970-B3B517797EC0}.Debug|Any CPU.ActiveCfg = Debug|Any CPU
		{A3ED94A0-80AA-4BF0-B970-B3B517797EC0}.Debug|Any CPU.Build.0 = Debug|Any CPU
		{A3ED94A0-80AA-4BF0-B970-B3B517797EC0}.Release|Any CPU.ActiveCfg = Release|Any CPU
		{A3ED94A0-80AA-4BF0-B970-B3B517797EC0}.Release|Any CPU.Build.0 = Release|Any CPU
	EndGlobalSection
	GlobalSection(SolutionProperties) = preSolution
		HideSolutionNode = FALSE
	EndGlobalSection
	GlobalSection(ExtensibilityGlobals) = postSolution
		SolutionGuid = {7462D6CB-5F92-443F-94CF-89618462B43B}
	EndGlobalSection
EndGlobal
